
Microsoft Visual Studio Solution File, Format Version 12.00
# Visual Studio Version 17
VisualStudioVersion = 17.10.35027.167
MinimumVisualStudioVersion = 10.0.40219.1
Project("{FAE04EC0-301F-11D3-BF4B-00C04F79EFBC}") = "mantis_tests", "mantis_tests\mantis_tests.csproj", "{241AD034-6727-4312-AFDF-471A9B632423}"
EndProject
Global
	GlobalSection(SolutionConfigurationPlatforms) = preSolution
		Debug|Any CPU = Debug|Any CPU
		Release|Any CPU = Release|Any CPU
	EndGlobalSection
	GlobalSection(ProjectConfigurationPlatforms) = postSolution
		{241AD034-6727-4312-AFDF-471A9B632423}.Debug|Any CPU.ActiveCfg = Debug|Any CPU
		{241AD034-6727-4312-AFDF-471A9B632423}.Debug|Any CPU.Build.0 = Debug|Any CPU
		{241AD034-6727-4312-AFDF-471A9B632423}.Release|Any CPU.ActiveCfg = Release|Any CPU
		{241AD034-6727-4312-AFDF-471A9B632423}.Release|Any CPU.Build.0 = Release|Any CPU
	EndGlobalSection
	GlobalSection(SolutionProperties) = preSolution
		HideSolutionNode = FALSE
	EndGlobalSection
	GlobalSection(ExtensibilityGlobals) = postSolution
		SolutionGuid = {E99A564A-AA84-475D-AFAF-C13CF3355EAF}
	EndGlobalSection
EndGlobal
